
Microsoft Visual Studio Solution File, Format Version 12.00
# Visual Studio Version 17
VisualStudioVersion = 17.4.33213.308
MinimumVisualStudioVersion = 10.0.40219.1
Project("{FAE04EC0-301F-11D3-BF4B-00C04F79EFBC}") = "LabW03JesseArnold", "LabW03JesseArnold.csproj", "{3B3E2E4F-FEF7-41C0-B74F-BD356808D95C}"
EndProject
Global
	GlobalSection(SolutionConfigurationPlatforms) = preSolution
		Debug|Any CPU = Debug|Any CPU
		Release|Any CPU = Release|Any CPU
	EndGlobalSection
	GlobalSection(ProjectConfigurationPlatforms) = postSolution
		{3B3E2E4F-FEF7-41C0-B74F-BD356808D95C}.Debug|Any CPU.ActiveCfg = Debug|Any CPU
		{3B3E2E4F-FEF7-41C0-B74F-BD356808D95C}.Debug|Any CPU.Build.0 = Debug|Any CPU
		{3B3E2E4F-FEF7-41C0-B74F-BD356808D95C}.Release|Any CPU.ActiveCfg = Release|Any CPU
		{3B3E2E4F-FEF7-41C0-B74F-BD356808D95C}.Release|Any CPU.Build.0 = Release|Any CPU
	EndGlobalSection
	GlobalSection(SolutionProperties) = preSolution
		HideSolutionNode = FALSE
	EndGlobalSection
	GlobalSection(ExtensibilityGlobals) = postSolution
		SolutionGuid = {226280E0-F723-4713-9D1E-E9A2101424D0}
	EndGlobalSection
EndGlobal
